
Microsoft Visual Studio Solution File, Format Version 12.00
# Visual Studio 14
VisualStudioVersion = 14.0.25420.1
MinimumVisualStudioVersion = 10.0.40219.1
Project("{FAE04EC0-301F-11D3-BF4B-00C04F79EFBC}") = "Janus IP Merkezi Alıcı Yazılımı", "Janus IP Merkezi Alıcı Yazılımı\Janus IP Merkezi Alıcı Yazılımı.csproj", "{B80E9D11-0BF7-4184-8E6F-D48163492141}"
EndProject
Project("{54435603-DBB4-11D2-8724-00A0C9A8B90C}") = "Setup", "Setup\Setup.vdproj", "{3703B7AF-4F6E-4639-97A1-24CF9CAF0243}"
EndProject
Global
	GlobalSection(SolutionConfigurationPlatforms) = preSolution
		Debug|Any CPU = Debug|Any CPU
		Release|Any CPU = Release|Any CPU
	EndGlobalSection
	GlobalSection(ProjectConfigurationPlatforms) = postSolution
		{B80E9D11-0BF7-4184-8E6F-D48163492141}.Debug|Any CPU.ActiveCfg = Debug|Any CPU
		{B80E9D11-0BF7-4184-8E6F-D48163492141}.Debug|Any CPU.Build.0 = Debug|Any CPU
		{B80E9D11-0BF7-4184-8E6F-D48163492141}.Release|Any CPU.ActiveCfg = Release|Any CPU
		{B80E9D11-0BF7-4184-8E6F-D48163492141}.Release|Any CPU.Build.0 = Release|Any CPU
		{3703B7AF-4F6E-4639-97A1-24CF9CAF0243}.Debug|Any CPU.ActiveCfg = Debug
		{3703B7AF-4F6E-4639-97A1-24CF9CAF0243}.Release|Any CPU.ActiveCfg = Release
	EndGlobalSection
	GlobalSection(SolutionProperties) = preSolution
		HideSolutionNode = FALSE
	EndGlobalSection
EndGlobal
